// !$*UTF8*$!
{
	archiveVersion = 1;
	classes = {
	};
	objectVersion = 45;
	objects = {

/* Begin PBXBuildFile section */
		1D3623260D0F684500981E51 /* QWeiboSDK4iOSDemoAppDelegate.m in Sources */ = {isa = PBXBuildFile; fileRef = 1D3623250D0F684500981E51 /* QWeiboSDK4iOSDemoAppDelegate.m */; };
		1D60589B0D05DD56006BFB54 /* main.m in Sources */ = {isa = PBXBuildFile; fileRef = 29B97316FDCFA39411CA2CEA /* main.m */; };
		1D60589F0D05DD5A006BFB54 /* Foundation.framework in Frameworks */ = {isa = PBXBuildFile; fileRef = 1D30AB110D05D00D00671497 /* Foundation.framework */; };
		1DF5F4E00D08C38300B7A737 /* UIKit.framework in Frameworks */ = {isa = PBXBuildFile; fileRef = 1DF5F4DF0D08C38300B7A737 /* UIKit.framework */; };
		288765A50DF7441C002DB57D /* CoreGraphics.framework in Frameworks */ = {isa = PBXBuildFile; fileRef = 288765A40DF7441C002DB57D /* CoreGraphics.framework */; };
		2899E5220DE3E06400AC0155 /* QWeiboSDK4iOSDemoViewController.xib in Resources */ = {isa = PBXBuildFile; fileRef = 2899E5210DE3E06400AC0155 /* QWeiboSDK4iOSDemoViewController.xib */; };
		28AD733F0D9D9553002E5188 /* MainWindow.xib in Resources */ = {isa = PBXBuildFile; fileRef = 28AD733E0D9D9553002E5188 /* MainWindow.xib */; };
		28D7ACF80DDB3853001CB0EB /* QWeiboSDK4iOSDemoViewController.m in Sources */ = {isa = PBXBuildFile; fileRef = 28D7ACF70DDB3853001CB0EB /* QWeiboSDK4iOSDemoViewController.m */; };
		5A4BFEFC12DF0A0300FAE047 /* libQWeiboSDK4iOS.a in Frameworks */ = {isa = PBXBuildFile; fileRef = 5A4BFEC212DEF39E00FAE047 /* libQWeiboSDK4iOS.a */; };
		5A4BFF0512DF0B0D00FAE047 /* QWeiboSyncApi.m in Sources */ = {isa = PBXBuildFile; fileRef = 5A4BFF0412DF0B0D00FAE047 /* QWeiboSyncApi.m */; };
		5AB257B912E53AB10080C324 /* QWeiboAsyncApi.m in Sources */ = {isa = PBXBuildFile; fileRef = 5AB257B812E53AB10080C324 /* QWeiboAsyncApi.m */; };
		5AB2586612E571DF0080C324 /* QLoadingView.m in Sources */ = {isa = PBXBuildFile; fileRef = 5AB2586512E571DF0080C324 /* QLoadingView.m */; };
		5AB2586A12E5728C0080C324 /* info_bkg.png in Resources */ = {isa = PBXBuildFile; fileRef = 5AB2586912E5728C0080C324 /* info_bkg.png */; };
		5AD6529112E3CCBB00D18C3C /* QWeiboDemoViewController.m in Sources */ = {isa = PBXBuildFile; fileRef = 5AD6528F12E3CCBB00D18C3C /* QWeiboDemoViewController.m */; };
		5AD6529212E3CCBB00D18C3C /* QWeiboDemoViewController.xib in Resources */ = {isa = PBXBuildFile; fileRef = 5AD6529012E3CCBB00D18C3C /* QWeiboDemoViewController.xib */; };
		5AD652D412E3D5E200D18C3C /* QWeiboResultViewController.m in Sources */ = {isa = PBXBuildFile; fileRef = 5AD652D212E3D5E200D18C3C /* QWeiboResultViewController.m */; };
		5AD652D512E3D5E200D18C3C /* QWeiboResultViewController.xib in Resources */ = {isa = PBXBuildFile; fileRef = 5AD652D312E3D5E200D18C3C /* QWeiboResultViewController.xib */; };
		5AE38BFF12DFD7D0002A3E28 /* QVerifyWebViewController.m in Sources */ = {isa = PBXBuildFile; fileRef = 5AE38BFD12DFD7D0002A3E28 /* QVerifyWebViewController.m */; };
		5AE38C0012DFD7D0002A3E28 /* QVerifyWebViewController.xib in Resources */ = {isa = PBXBuildFile; fileRef = 5AE38BFE12DFD7D0002A3E28 /* QVerifyWebViewController.xib */; };
/* End PBXBuildFile section */

/* Begin PBXContainerItemProxy section */
		5A4BFEC112DEF39E00FAE047 /* PBXContainerItemProxy */ = {
			isa = PBXContainerItemProxy;
			containerPortal = 5A4BFEBD12DEF39E00FAE047 /* QWeiboSDK4iOS.xcodeproj */;
			proxyType = 2;
			remoteGlobalIDString = D2AAC07E0554694100DB518D;
			remoteInfo = QWeiboSDK4iOS;
		};
		5ACB968712E7F4A200AA5155 /* PBXContainerItemProxy */ = {
			isa = PBXContainerItemProxy;
			containerPortal = 5A4BFEBD12DEF39E00FAE047 /* QWeiboSDK4iOS.xcodeproj */;
			proxyType = 1;
			remoteGlobalIDString = D2AAC07D0554694100DB518D;
			remoteInfo = QWeiboSDK4iOS;
		};
/* End PBXContainerItemProxy section */

/* Begin PBXFileReference section */
		1D30AB110D05D00D00671497 /* Foundation.framework */ = {isa = PBXFileReference; lastKnownFileType = wrapper.framework; name = Foundation.framework; path = System/Library/Frameworks/Foundation.framework; sourceTree = SDKROOT; };
		1D3623240D0F684500981E51 /* QWeiboSDK4iOSDemoAppDelegate.h */ = {isa = PBXFileReference; fileEncoding = 4; lastKnownFileType = sourcecode.c.h; path = QWeiboSDK4iOSDemoAppDelegate.h; sourceTree = "<group>"; };
		1D3623250D0F684500981E51 /* QWeiboSDK4iOSDemoAppDelegate.m */ = {isa = PBXFileReference; fileEncoding = 4; lastKnownFileType = sourcecode.c.objc; path = QWeiboSDK4iOSDemoAppDelegate.m; sourceTree = "<group>"; };
		1D6058910D05DD3D006BFB54 /* QWeiboSDK4iOSDemo.app */ = {isa = PBXFileReference; explicitFileType = wrapper.application; includeInIndex = 0; path = QWeiboSDK4iOSDemo.app; sourceTree = BUILT_PRODUCTS_DIR; };
		1DF5F4DF0D08C38300B7A737 /* UIKit.framework */ = {isa = PBXFileReference; lastKnownFileType = wrapper.framework; name = UIKit.framework; path = System/Library/Frameworks/UIKit.framework; sourceTree = SDKROOT; };
		288765A40DF7441C002DB57D /* CoreGraphics.framework */ = {isa = PBXFileReference; lastKnownFileType = wrapper.framework; name = CoreGraphics.framework; path = System/Library/Frameworks/CoreGraphics.framework; sourceTree = SDKROOT; };
		2899E5210DE3E06400AC0155 /* QWeiboSDK4iOSDemoViewController.xib */ = {isa = PBXFileReference; lastKnownFileType = file.xib; path = QWeiboSDK4iOSDemoViewController.xib; sourceTree = "<group>"; };
		28AD733E0D9D9553002E5188 /* MainWindow.xib */ = {isa = PBXFileReference; lastKnownFileType = file.xib; path = MainWindow.xib; sourceTree = "<group>"; };
		28D7ACF60DDB3853001CB0EB /* QWeiboSDK4iOSDemoViewController.h */ = {isa = PBXFileReference; fileEncoding = 4; lastKnownFileType = sourcecode.c.h; path = QWeiboSDK4iOSDemoViewController.h; sourceTree = "<group>"; };
		28D7ACF70DDB3853001CB0EB /* QWeiboSDK4iOSDemoViewController.m */ = {isa = PBXFileReference; fileEncoding = 4; lastKnownFileType = sourcecode.c.objc; path = QWeiboSDK4iOSDemoViewController.m; sourceTree = "<group>"; };
		29B97316FDCFA39411CA2CEA /* main.m */ = {isa = PBXFileReference; fileEncoding = 4; lastKnownFileType = sourcecode.c.objc; path = main.m; sourceTree = "<group>"; };
		32CA4F630368D1EE00C91783 /* QWeiboSDK4iOSDemo_Prefix.pch */ = {isa = PBXFileReference; fileEncoding = 4; lastKnownFileType = sourcecode.c.h; path = QWeiboSDK4iOSDemo_Prefix.pch; sourceTree = "<group>"; };
		5A4BFEBD12DEF39E00FAE047 /* QWeiboSDK4iOS.xcodeproj */ = {isa = PBXFileReference; lastKnownFileType = "wrapper.pb-project"; name = QWeiboSDK4iOS.xcodeproj; path = ../QWeiboSDK4iOS/QWeiboSDK4iOS.xcodeproj; sourceTree = SOURCE_ROOT; };
		5A4BFF0312DF0B0D00FAE047 /* QWeiboSyncApi.h */ = {isa = PBXFileReference; fileEncoding = 4; lastKnownFileType = sourcecode.c.h; path = QWeiboSyncApi.h; sourceTree = "<group>"; };
		5A4BFF0412DF0B0D00FAE047 /* QWeiboSyncApi.m */ = {isa = PBXFileReference; fileEncoding = 4; lastKnownFileType = sourcecode.c.objc; path = QWeiboSyncApi.m; sourceTree = "<group>"; };
		5AB257B712E53AB10080C324 /* QWeiboAsyncApi.h */ = {isa = PBXFileReference; fileEncoding = 4; lastKnownFileType = sourcecode.c.h; path = QWeiboAsyncApi.h; sourceTree = "<group>"; };
		5AB257B812E53AB10080C324 /* QWeiboAsyncApi.m */ = {isa = PBXFileReference; fileEncoding = 4; lastKnownFileType = sourcecode.c.objc; path = QWeiboAsyncApi.m; sourceTree = "<group>"; };
		5AB2586412E571DF0080C324 /* QLoadingView.h */ = {isa = PBXFileReference; fileEncoding = 4; lastKnownFileType = sourcecode.c.h; path = QLoadingView.h; sourceTree = "<group>"; };
		5AB2586512E571DF0080C324 /* QLoadingView.m */ = {isa = PBXFileReference; fileEncoding = 4; lastKnownFileType = sourcecode.c.objc; path = QLoadingView.m; sourceTree = "<group>"; };
		5AB2586912E5728C0080C324 /* info_bkg.png */ = {isa = PBXFileReference; lastKnownFileType = image.png; path = info_bkg.png; sourceTree = "<group>"; };
		5AD6528E12E3CCBB00D18C3C /* QWeiboDemoViewController.h */ = {isa = PBXFileReference; fileEncoding = 4; lastKnownFileType = sourcecode.c.h; path = QWeiboDemoViewController.h; sourceTree = "<group>"; };
		5AD6528F12E3CCBB00D18C3C /* QWeiboDemoViewController.m */ = {isa = PBXFileReference; fileEncoding = 4; lastKnownFileType = sourcecode.c.objc; path = QWeiboDemoViewController.m; sourceTree = "<group>"; };
		5AD6529012E3CCBB00D18C3C /* QWeiboDemoViewController.xib */ = {isa = PBXFileReference; lastKnownFileType = file.xib; name = QWeiboDemoViewController.xib; path = Classes/QWeiboDemoViewController.xib; sourceTree = "<group>"; };
		5AD652D112E3D5E200D18C3C /* QWeiboResultViewController.h */ = {isa = PBXFileReference; fileEncoding = 4; lastKnownFileType = sourcecode.c.h; name = QWeiboResultViewController.h; path = ../QWeiboResultViewController.h; sourceTree = "<group>"; };
		5AD652D212E3D5E200D18C3C /* QWeiboResultViewController.m */ = {isa = PBXFileReference; fileEncoding = 4; lastKnownFileType = sourcecode.c.objc; name = QWeiboResultViewController.m; path = ../QWeiboResultViewController.m; sourceTree = "<group>"; };
		5AD652D312E3D5E200D18C3C /* QWeiboResultViewController.xib */ = {isa = PBXFileReference; lastKnownFileType = file.xib; path = QWeiboResultViewController.xib; sourceTree = "<group>"; };
		5AE38BFC12DFD7D0002A3E28 /* QVerifyWebViewController.h */ = {isa = PBXFileReference; fileEncoding = 4; lastKnownFileType = sourcecode.c.h; path = QVerifyWebViewController.h; sourceTree = "<group>"; };
		5AE38BFD12DFD7D0002A3E28 /* QVerifyWebViewController.m */ = {isa = PBXFileReference; fileEncoding = 4; lastKnownFileType = sourcecode.c.objc; path = QVerifyWebViewController.m; sourceTree = "<group>"; };
		5AE38BFE12DFD7D0002A3E28 /* QVerifyWebViewController.xib */ = {isa = PBXFileReference; lastKnownFileType = file.xib; name = QVerifyWebViewController.xib; path = Classes/QVerifyWebViewController.xib; sourceTree = "<group>"; };
		8D1107310486CEB800E47090 /* QWeiboSDK4iOSDemo-Info.plist */ = {isa = PBXFileReference; fileEncoding = 4; lastKnownFileType = text.plist.xml; path = "QWeiboSDK4iOSDemo-Info.plist"; plistStructureDefinitionIdentifier = "com.apple.xcode.plist.structure-definition.iphone.info-plist"; sourceTree = "<group>"; };
/* End PBXFileReference section */

/* Begin PBXFrameworksBuildPhase section */
		1D60588F0D05DD3D006BFB54 /* Frameworks */ = {
			isa = PBXFrameworksBuildPhase;
			buildActionMask = 2147483647;
			files = (
				1D60589F0D05DD5A006BFB54 /* Foundation.framework in Frameworks */,
				1DF5F4E00D08C38300B7A737 /* UIKit.framework in Frameworks */,
				288765A50DF7441C002DB57D /* CoreGraphics.framework in Frameworks */,
				5A4BFEFC12DF0A0300FAE047 /* libQWeiboSDK4iOS.a in Frameworks */,
			);
			runOnlyForDeploymentPostprocessing = 0;
		};
/* End PBXFrameworksBuildPhase section */

/* Begin PBXGroup section */
		080E96DDFE201D6D7F000001 /* Classes */ = {
			isa = PBXGroup;
			children = (
				5A4BFF0212DF0AC000FAE047 /* Engine */,
				1D3623240D0F684500981E51 /* QWeiboSDK4iOSDemoAppDelegate.h */,
				1D3623250D0F684500981E51 /* QWeiboSDK4iOSDemoAppDelegate.m */,
				28D7ACF60DDB3853001CB0EB /* QWeiboSDK4iOSDemoViewController.h */,
				28D7ACF70DDB3853001CB0EB /* QWeiboSDK4iOSDemoViewController.m */,
				5AE38BFC12DFD7D0002A3E28 /* QVerifyWebViewController.h */,
				5AE38BFD12DFD7D0002A3E28 /* QVerifyWebViewController.m */,
				5AD652D112E3D5E200D18C3C /* QWeiboResultViewController.h */,
				5AD652D212E3D5E200D18C3C /* QWeiboResultViewController.m */,
				5AD6528E12E3CCBB00D18C3C /* QWeiboDemoViewController.h */,
				5AD6528F12E3CCBB00D18C3C /* QWeiboDemoViewController.m */,
				5AB2586412E571DF0080C324 /* QLoadingView.h */,
				5AB2586512E571DF0080C324 /* QLoadingView.m */,
			);
			path = Classes;
			sourceTree = "<group>";
		};
		19C28FACFE9D520D11CA2CBB /* Products */ = {
			isa = PBXGroup;
			children = (
				1D6058910D05DD3D006BFB54 /* QWeiboSDK4iOSDemo.app */,
			);
			name = Products;
			sourceTree = "<group>";
		};
		29B97314FDCFA39411CA2CEA /* CustomTemplate */ = {
			isa = PBXGroup;
			children = (
				080E96DDFE201D6D7F000001 /* Classes */,
				29B97315FDCFA39411CA2CEA /* Other Sources */,
				29B97317FDCFA39411CA2CEA /* Resources */,
				29B97323FDCFA39411CA2CEA /* Frameworks */,
				19C28FACFE9D520D11CA2CBB /* Products */,
			);
			name = CustomTemplate;
			sourceTree = "<group>";
		};
		29B97315FDCFA39411CA2CEA /* Other Sources */ = {
			isa = PBXGroup;
			children = (
				5AB2586912E5728C0080C324 /* info_bkg.png */,
				5A4BFEBD12DEF39E00FAE047 /* QWeiboSDK4iOS.xcodeproj */,
				32CA4F630368D1EE00C91783 /* QWeiboSDK4iOSDemo_Prefix.pch */,
				29B97316FDCFA39411CA2CEA /* main.m */,
			);
			name = "Other Sources";
			sourceTree = "<group>";
		};
		29B97317FDCFA39411CA2CEA /* Resources */ = {
			isa = PBXGroup;
			children = (
				5AD652D312E3D5E200D18C3C /* QWeiboResultViewController.xib */,
				5AD6529012E3CCBB00D18C3C /* QWeiboDemoViewController.xib */,
				5AE38BFE12DFD7D0002A3E28 /* QVerifyWebViewController.xib */,
				2899E5210DE3E06400AC0155 /* QWeiboSDK4iOSDemoViewController.xib */,
				28AD733E0D9D9553002E5188 /* MainWindow.xib */,
				8D1107310486CEB800E47090 /* QWeiboSDK4iOSDemo-Info.plist */,
			);
			name = Resources;
			sourceTree = "<group>";
		};
		29B97323FDCFA39411CA2CEA /* Frameworks */ = {
			isa = PBXGroup;
			children = (
				1DF5F4DF0D08C38300B7A737 /* UIKit.framework */,
				1D30AB110D05D00D00671497 /* Foundation.framework */,
				288765A40DF7441C002DB57D /* CoreGraphics.framework */,
			);
			name = Frameworks;
			sourceTree = "<group>";
		};
		5A4BFEBE12DEF39E00FAE047 /* Products */ = {
			isa = PBXGroup;
			children = (
				5A4BFEC212DEF39E00FAE047 /* libQWeiboSDK4iOS.a */,
			);
			name = Products;
			sourceTree = "<group>";
		};
		5A4BFF0212DF0AC000FAE047 /* Engine */ = {
			isa = PBXGroup;
			children = (
				5A4BFF0312DF0B0D00FAE047 /* QWeiboSyncApi.h */,
				5A4BFF0412DF0B0D00FAE047 /* QWeiboSyncApi.m */,
				5AB257B712E53AB10080C324 /* QWeiboAsyncApi.h */,
				5AB257B812E53AB10080C324 /* QWeiboAsyncApi.m */,
			);
			name = Engine;
			sourceTree = "<group>";
		};
/* End PBXGroup section */

/* Begin PBXNativeTarget section */
		1D6058900D05DD3D006BFB54 /* QWeiboSDK4iOSDemo */ = {
			isa = PBXNativeTarget;
			buildConfigurationList = 1D6058960D05DD3E006BFB54 /* Build configuration list for PBXNativeTarget "QWeiboSDK4iOSDemo" */;
			buildPhases = (
				1D60588D0D05DD3D006BFB54 /* Resources */,
				1D60588E0D05DD3D006BFB54 /* Sources */,
				1D60588F0D05DD3D006BFB54 /* Frameworks */,
			);
			buildRules = (
			);
			dependencies = (
				5ACB968812E7F4A200AA5155 /* PBXTargetDependency */,
			);
			name = QWeiboSDK4iOSDemo;
			productName = QWeiboSDK4iOSDemo;
			productReference = 1D6058910D05DD3D006BFB54 /* QWeiboSDK4iOSDemo.app */;
			productType = "com.apple.product-type.application";
		};
/* End PBXNativeTarget section */

/* Begin PBXProject section */
		29B97313FDCFA39411CA2CEA /* Project object */ = {
			isa = PBXProject;
			buildConfigurationList = C01FCF4E08A954540054247B /* Build configuration list for PBXProject "QWeiboSDK4iOSDemo" */;
			compatibilityVersion = "Xcode 3.1";
			developmentRegion = English;
			hasScannedForEncodings = 1;
			knownRegions = (
				English,
				Japanese,
				French,
				German,
			);
			mainGroup = 29B97314FDCFA39411CA2CEA /* CustomTemplate */;
			projectDirPath = "";
			projectReferences = (
				{
					ProductGroup = 5A4BFEBE12DEF39E00FAE047 /* Products */;
					ProjectRef = 5A4BFEBD12DEF39E00FAE047 /* QWeiboSDK4iOS.xcodeproj */;
				},
			);
			projectRoot = "";
			targets = (
				1D6058900D05DD3D006BFB54 /* QWeiboSDK4iOSDemo */,
			);
		};
/* End PBXProject section */

/* Begin PBXReferenceProxy section */
		5A4BFEC212DEF39E00FAE047 /* libQWeiboSDK4iOS.a */ = {
			isa = PBXReferenceProxy;
			fileType = archive.ar;
			path = libQWeiboSDK4iOS.a;
			remoteRef = 5A4BFEC112DEF39E00FAE047 /* PBXContainerItemProxy */;
			sourceTree = BUILT_PRODUCTS_DIR;
		};
/* End PBXReferenceProxy section */

/* Begin PBXResourcesBuildPhase section */
		1D60588D0D05DD3D006BFB54 /* Resources */ = {
			isa = PBXResourcesBuildPhase;
			buildActionMask = 2147483647;
			files = (
				28AD733F0D9D9553002E5188 /* MainWindow.xib in Resources */,
				2899E5220DE3E06400AC0155 /* QWeiboSDK4iOSDemoViewController.xib in Resources */,
				5AE38C0012DFD7D0002A3E28 /* QVerifyWebViewController.xib in Resources */,
				5AD6529212E3CCBB00D18C3C /* QWeiboDemoViewController.xib in Resources */,
				5AD652D512E3D5E200D18C3C /* QWeiboResultViewController.xib in Resources */,
				5AB2586A12E5728C0080C324 /* info_bkg.png in Resources */,
			);
			runOnlyForDeploymentPostprocessing = 0;
		};
/* End PBXResourcesBuildPhase section */

/* Begin PBXSourcesBuildPhase section */
		1D60588E0D05DD3D006BFB54 /* Sources */ = {
			isa = PBXSourcesBuildPhase;
			buildActionMask = 2147483647;
			files = (
				1D60589B0D05DD56006BFB54 /* main.m in Sources */,
				1D3623260D0F684500981E51 /* QWeiboSDK4iOSDemoAppDelegate.m in Sources */,
				28D7ACF80DDB3853001CB0EB /* QWeiboSDK4iOSDemoViewController.m in Sources */,
				5A4BFF0512DF0B0D00FAE047 /* QWeiboSyncApi.m in Sources */,
				5AE38BFF12DFD7D0002A3E28 /* QVerifyWebViewController.m in Sources */,
				5AD6529112E3CCBB00D18C3C /* QWeiboDemoViewController.m in Sources */,
				5AD652D412E3D5E200D18C3C /* QWeiboResultViewController.m in Sources */,
				5AB257B912E53AB10080C324 /* QWeiboAsyncApi.m in Sources */,
				5AB2586612E571DF0080C324 /* QLoadingView.m in Sources */,
			);
			runOnlyForDeploymentPostprocessing = 0;
		};
/* End PBXSourcesBuildPhase section */

/* Begin PBXTargetDependency section */
		5ACB968812E7F4A200AA5155 /* PBXTargetDependency */ = {
			isa = PBXTargetDependency;
			name = QWeiboSDK4iOS;
			targetProxy = 5ACB968712E7F4A200AA5155 /* PBXContainerItemProxy */;
		};
/* End PBXTargetDependency section */

/* Begin XCBuildConfiguration section */
		1D6058940D05DD3E006BFB54 /* Debug */ = {
			isa = XCBuildConfiguration;
			buildSettings = {
				ALWAYS_SEARCH_USER_PATHS = NO;
				COPY_PHASE_STRIP = NO;
				GCC_DYNAMIC_NO_PIC = NO;
				GCC_OPTIMIZATION_LEVEL = 0;
				GCC_PRECOMPILE_PREFIX_HEADER = YES;
				GCC_PREFIX_HEADER = QWeiboSDK4iOSDemo_Prefix.pch;
				HEADER_SEARCH_PATHS = "../QWeiboSDK4iOS/**";
				INFOPLIST_FILE = "QWeiboSDK4iOSDemo-Info.plist";
				LIBRARY_SEARCH_PATHS = "../QWeiboSDK4iOS/**";
				OTHER_LDFLAGS = (
					"-all_load",
					"-ObjC",
				);
				PRODUCT_NAME = QWeiboSDK4iOSDemo;
			};
			name = Debug;
		};
		1D6058950D05DD3E006BFB54 /* Release */ = {
			isa = XCBuildConfiguration;
			buildSettings = {
				ALWAYS_SEARCH_USER_PATHS = NO;
				COPY_PHASE_STRIP = YES;
				GCC_PRECOMPILE_PREFIX_HEADER = YES;
				GCC_PREFIX_HEADER = QWeiboSDK4iOSDemo_Prefix.pch;
				HEADER_SEARCH_PATHS = "../QWeiboSDK4iOS/**";
				INFOPLIST_FILE = "QWeiboSDK4iOSDemo-Info.plist";
				LIBRARY_SEARCH_PATHS = "../QWeiboSDK4iOS/**";
				OTHER_LDFLAGS = (
					"-all_load",
					"-ObjC",
				);
				PRODUCT_NAME = QWeiboSDK4iOSDemo;
				VALIDATE_PRODUCT = YES;
			};
			name = Release;
		};
		C01FCF4F08A954540054247B /* Debug */ = {
			isa = XCBuildConfiguration;
			buildSettings = {
				ARCHS = "$(ARCHS_STANDARD_32_BIT)";
				"CODE_SIGN_IDENTITY[sdk=iphoneos*]" = "iPhone Developer";
				GCC_C_LANGUAGE_STANDARD = c99;
				GCC_WARN_ABOUT_RETURN_TYPE = YES;
				GCC_WARN_UNUSED_VARIABLE = YES;
				PREBINDING = NO;
				SDKROOT = iphoneos;
			};
			name = Debug;
		};
		C01FCF5008A954540054247B /* Release */ = {
			isa = XCBuildConfiguration;
			buildSettings = {
				ARCHS = "$(ARCHS_STANDARD_32_BIT)";
				"CODE_SIGN_IDENTITY[sdk=iphoneos*]" = "iPhone Developer";
				GCC_C_LANGUAGE_STANDARD = c99;
				GCC_WARN_ABOUT_RETURN_TYPE = YES;
				GCC_WARN_UNUSED_VARIABLE = YES;
				OTHER_CFLAGS = "-DNS_BLOCK_ASSERTIONS=1";
				PREBINDING = NO;
				SDKROOT = iphoneos;
			};
			name = Release;
		};
/* End XCBuildConfiguration section */

/* Begin XCConfigurationList section */
		1D6058960D05DD3E006BFB54 /* Build configuration list for PBXNativeTarget "QWeiboSDK4iOSDemo" */ = {
			isa = XCConfigurationList;
			buildConfigurations = (
				1D6058940D05DD3E006BFB54 /* Debug */,
				1D6058950D05DD3E006BFB54 /* Release */,
			);
			defaultConfigurationIsVisible = 0;
			defaultConfigurationName = Release;
		};
		C01FCF4E08A954540054247B /* Build configuration list for PBXProject "QWeiboSDK4iOSDemo" */ = {
			isa = XCConfigurationList;
			buildConfigurations = (
				C01FCF4F08A954540054247B /* Debug */,
				C01FCF5008A954540054247B /* Release */,
			);
			defaultConfigurationIsVisible = 0;
			defaultConfigurationName = Release;
		};
/* End XCConfigurationList section */
	};
	rootObject = 29B97313FDCFA39411CA2CEA /* Project object */;
}
